
Microsoft Visual Studio Solution File, Format Version 12.00
# Visual Studio Version 16
VisualStudioVersion = 16.0.29519.181
MinimumVisualStudioVersion = 10.0.40219.1
Project("{9A19103F-16F7-4668-BE54-9A1E7A4F7556}") = "VectorTiles", "VectorTiles\VectorTiles.csproj", "{E593B51A-D363-4A8D-B0E6-E850331056B3}"
EndProject
Project("{9A19103F-16F7-4668-BE54-9A1E7A4F7556}") = "VectorTiles.EntityFrameworkCore", "VectorTiles.EntityFrameworkCore\VectorTiles.EntityFrameworkCore.csproj", "{91128D35-7EBA-4770-86C6-2577F7E30EB6}"
EndProject
Project("{9A19103F-16F7-4668-BE54-9A1E7A4F7556}") = "VectorTiles.Tests", "VectorTiles.Tests\VectorTiles.Tests.csproj", "{45EE6A5B-80CA-4AE0-AEB7-CAAA1096AEC2}"
EndProject
Project("{9A19103F-16F7-4668-BE54-9A1E7A4F7556}") = "NetTopologySuite.Clipper", "NetTopologySuite.Clipper\NetTopologySuite.Clipper.csproj", "{BF94A301-5A80-49AE-B5B7-2FE69F5A682A}"
EndProject
Project("{9A19103F-16F7-4668-BE54-9A1E7A4F7556}") = "NetTopologySuite.Clipper.Tests", "NetTopologySuite.Clipper.Tests\NetTopologySuite.Clipper.Tests.csproj", "{3A4AB5F6-9F95-4A2A-8A36-ED2B290B5BC2}"
EndProject
Global
	GlobalSection(SolutionConfigurationPlatforms) = preSolution
		Debug|Any CPU = Debug|Any CPU
		Release|Any CPU = Release|Any CPU
	EndGlobalSection
	GlobalSection(ProjectConfigurationPlatforms) = postSolution
		{E593B51A-D363-4A8D-B0E6-E850331056B3}.Debug|Any CPU.ActiveCfg = Debug|Any CPU
		{E593B51A-D363-4A8D-B0E6-E850331056B3}.Debug|Any CPU.Build.0 = Debug|Any CPU
		{E593B51A-D363-4A8D-B0E6-E850331056B3}.Release|Any CPU.ActiveCfg = Release|Any CPU
		{E593B51A-D363-4A8D-B0E6-E850331056B3}.Release|Any CPU.Build.0 = Release|Any CPU
		{91128D35-7EBA-4770-86C6-2577F7E30EB6}.Debug|Any CPU.ActiveCfg = Debug|Any CPU
		{91128D35-7EBA-4770-86C6-2577F7E30EB6}.Debug|Any CPU.Build.0 = Debug|Any CPU
		{91128D35-7EBA-4770-86C6-2577F7E30EB6}.Release|Any CPU.ActiveCfg = Release|Any CPU
		{91128D35-7EBA-4770-86C6-2577F7E30EB6}.Release|Any CPU.Build.0 = Release|Any CPU
		{45EE6A5B-80CA-4AE0-AEB7-CAAA1096AEC2}.Debug|Any CPU.ActiveCfg = Debug|Any CPU
		{45EE6A5B-80CA-4AE0-AEB7-CAAA1096AEC2}.Debug|Any CPU.Build.0 = Debug|Any CPU
		{45EE6A5B-80CA-4AE0-AEB7-CAAA1096AEC2}.Release|Any CPU.ActiveCfg = Release|Any CPU
		{45EE6A5B-80CA-4AE0-AEB7-CAAA1096AEC2}.Release|Any CPU.Build.0 = Release|Any CPU
		{BF94A301-5A80-49AE-B5B7-2FE69F5A682A}.Debug|Any CPU.ActiveCfg = Debug|Any CPU
		{BF94A301-5A80-49AE-B5B7-2FE69F5A682A}.Debug|Any CPU.Build.0 = Debug|Any CPU
		{BF94A301-5A80-49AE-B5B7-2FE69F5A682A}.Release|Any CPU.ActiveCfg = Release|Any CPU
		{BF94A301-5A80-49AE-B5B7-2FE69F5A682A}.Release|Any CPU.Build.0 = Release|Any CPU
		{3A4AB5F6-9F95-4A2A-8A36-ED2B290B5BC2}.Debug|Any CPU.ActiveCfg = Debug|Any CPU
		{3A4AB5F6-9F95-4A2A-8A36-ED2B290B5BC2}.Debug|Any CPU.Build.0 = Debug|Any CPU
		{3A4AB5F6-9F95-4A2A-8A36-ED2B290B5BC2}.Release|Any CPU.ActiveCfg = Release|Any CPU
		{3A4AB5F6-9F95-4A2A-8A36-ED2B290B5BC2}.Release|Any CPU.Build.0 = Release|Any CPU
	EndGlobalSection
	GlobalSection(SolutionProperties) = preSolution
		HideSolutionNode = FALSE
	EndGlobalSection
	GlobalSection(ExtensibilityGlobals) = postSolution
		SolutionGuid = {4CBB147F-D714-4A49-8454-9EAA4CAF3FEB}
	EndGlobalSection
EndGlobal
